
Microsoft Visual Studio Solution File, Format Version 12.00
# Visual Studio Version 17
VisualStudioVersion = 17.0.31912.275
MinimumVisualStudioVersion = 10.0.40219.1
Project("{FAE04EC0-301F-11D3-BF4B-00C04F79EFBC}") = "BankDumper", "BankDumper.csproj", "{FC73E3E8-8937-46A2-A32D-529B9F75E794}"
EndProject
Global
	GlobalSection(SolutionConfigurationPlatforms) = preSolution
		Debug|Any CPU = Debug|Any CPU
		Release|Any CPU = Release|Any CPU
	EndGlobalSection
	GlobalSection(ProjectConfigurationPlatforms) = postSolution
		{FC73E3E8-8937-46A2-A32D-529B9F75E794}.Debug|Any CPU.ActiveCfg = Debug|Any CPU
		{FC73E3E8-8937-46A2-A32D-529B9F75E794}.Debug|Any CPU.Build.0 = Debug|Any CPU
		{FC73E3E8-8937-46A2-A32D-529B9F75E794}.Release|Any CPU.ActiveCfg = Release|Any CPU
		{FC73E3E8-8937-46A2-A32D-529B9F75E794}.Release|Any CPU.Build.0 = Release|Any CPU
	EndGlobalSection
	GlobalSection(SolutionProperties) = preSolution
		HideSolutionNode = FALSE
	EndGlobalSection
	GlobalSection(ExtensibilityGlobals) = postSolution
		SolutionGuid = {2CCAF6DA-82F1-4439-9742-4BD33D3532F4}
	EndGlobalSection
EndGlobal
